
Microsoft Visual Studio Solution File, Format Version 12.00
# Visual Studio 15
VisualStudioVersion = 15.0.27703.2042
MinimumVisualStudioVersion = 10.0.40219.1
Project("{FAE04EC0-301F-11D3-BF4B-00C04F79EFBC}") = "E_Shop_Xamarin.Android", "E_Shop_Xamarin\E_Shop_Xamarin.Android\E_Shop_Xamarin.Android.csproj", "{C2B19E9F-C30D-4C42-ADCA-4A7C6AB42B8E}"
EndProject
Project("{FAE04EC0-301F-11D3-BF4B-00C04F79EFBC}") = "E_Shop_Xamarin.iOS", "E_Shop_Xamarin\E_Shop_Xamarin.iOS\E_Shop_Xamarin.iOS.csproj", "{4126D968-5A3C-49AD-9366-2F043C537F49}"
EndProject
Project("{9A19103F-16F7-4668-BE54-9A1E7A4F7556}") = "E_Shop_Xamarin", "E_Shop_Xamarin\E_Shop_Xamarin\E_Shop_Xamarin.csproj", "{17955625-83B9-4C12-B457-B1FAE3BAD8F1}"
EndProject
Project("{FAE04EC0-301F-11D3-BF4B-00C04F79EFBC}") = "NorhanXamarinTrainingService", "..\..\..\Desktop\MainService\NorhanXamarinTraining_Runtime\NorhanXamarinTrainingService\NorhanXamarinTrainingService.csproj", "{209FA716-A7AD-4095-BD70-C8710FC66FA7}"
EndProject
Global
	GlobalSection(SolutionConfigurationPlatforms) = preSolution
		Ad-Hoc|Any CPU = Ad-Hoc|Any CPU
		Ad-Hoc|iPhone = Ad-Hoc|iPhone
		Ad-Hoc|iPhoneSimulator = Ad-Hoc|iPhoneSimulator
		AppStore|Any CPU = AppStore|Any CPU
		AppStore|iPhone = AppStore|iPhone
		AppStore|iPhoneSimulator = AppStore|iPhoneSimulator
		Debug|Any CPU = Debug|Any CPU
		Debug|iPhone = Debug|iPhone
		Debug|iPhoneSimulator = Debug|iPhoneSimulator
		Release|Any CPU = Release|Any CPU
		Release|iPhone = Release|iPhone
		Release|iPhoneSimulator = Release|iPhoneSimulator
	EndGlobalSection
	GlobalSection(ProjectConfigurationPlatforms) = postSolution
		{C2B19E9F-C30D-4C42-ADCA-4A7C6AB42B8E}.Ad-Hoc|Any CPU.ActiveCfg = Release|Any CPU
		{C2B19E9F-C30D-4C42-ADCA-4A7C6AB42B8E}.Ad-Hoc|Any CPU.Build.0 = Release|Any CPU
		{C2B19E9F-C30D-4C42-ADCA-4A7C6AB42B8E}.Ad-Hoc|Any CPU.Deploy.0 = Release|Any CPU
		{C2B19E9F-C30D-4C42-ADCA-4A7C6AB42B8E}.Ad-Hoc|iPhone.ActiveCfg = Release|Any CPU
		{C2B19E9F-C30D-4C42-ADCA-4A7C6AB42B8E}.Ad-Hoc|iPhone.Build.0 = Release|Any CPU
		{C2B19E9F-C30D-4C42-ADCA-4A7C6AB42B8E}.Ad-Hoc|iPhone.Deploy.0 = Release|Any CPU
		{C2B19E9F-C30D-4C42-ADCA-4A7C6AB42B8E}.Ad-Hoc|iPhoneSimulator.ActiveCfg = Release|Any CPU
		{C2B19E9F-C30D-4C42-ADCA-4A7C6AB42B8E}.Ad-Hoc|iPhoneSimulator.Build.0 = Release|Any CPU
		{C2B19E9F-C30D-4C42-ADCA-4A7C6AB42B8E}.Ad-Hoc|iPhoneSimulator.Deploy.0 = Release|Any CPU
		{C2B19E9F-C30D-4C42-ADCA-4A7C6AB42B8E}.AppStore|Any CPU.ActiveCfg = Release|Any CPU
		{C2B19E9F-C30D-4C42-ADCA-4A7C6AB42B8E}.AppStore|Any CPU.Build.0 = Release|Any CPU
		{C2B19E9F-C30D-4C42-ADCA-4A7C6AB42B8E}.AppStore|Any CPU.Deploy.0 = Release|Any CPU
		{C2B19E9F-C30D-4C42-ADCA-4A7C6AB42B8E}.AppStore|iPhone.ActiveCfg = Release|Any CPU
		{C2B19E9F-C30D-4C42-ADCA-4A7C6AB42B8E}.AppStore|iPhone.Build.0 = Release|Any CPU
		{C2B19E9F-C30D-4C42-ADCA-4A7C6AB42B8E}.AppStore|iPhone.Deploy.0 = Release|Any CPU
		{C2B19E9F-C30D-4C42-ADCA-4A7C6AB42B8E}.AppStore|iPhoneSimulator.ActiveCfg = Release|Any CPU
		{C2B19E9F-C30D-4C42-ADCA-4A7C6AB42B8E}.AppStore|iPhoneSimulator.Build.0 = Release|Any CPU
		{C2B19E9F-C30D-4C42-ADCA-4A7C6AB42B8E}.AppStore|iPhoneSimulator.Deploy.0 = Release|Any CPU
		{C2B19E9F-C30D-4C42-ADCA-4A7C6AB42B8E}.Debug|Any CPU.ActiveCfg = Debug|Any CPU
		{C2B19E9F-C30D-4C42-ADCA-4A7C6AB42B8E}.Debug|Any CPU.Build.0 = Debug|Any CPU
		{C2B19E9F-C30D-4C42-ADCA-4A7C6AB42B8E}.Debug|Any CPU.Deploy.0 = Debug|Any CPU
		{C2B19E9F-C30D-4C42-ADCA-4A7C6AB42B8E}.Debug|iPhone.ActiveCfg = Debug|Any CPU
		{C2B19E9F-C30D-4C42-ADCA-4A7C6AB42B8E}.Debug|iPhone.Build.0 = Debug|Any CPU
		{C2B19E9F-C30D-4C42-ADCA-4A7C6AB42B8E}.Debug|iPhone.Deploy.0 = Debug|Any CPU
		{C2B19E9F-C30D-4C42-ADCA-4A7C6AB42B8E}.Debug|iPhoneSimulator.ActiveCfg = Debug|Any CPU
		{C2B19E9F-C30D-4C42-ADCA-4A7C6AB42B8E}.Debug|iPhoneSimulator.Build.0 = Debug|Any CPU
		{C2B19E9F-C30D-4C42-ADCA-4A7C6AB42B8E}.Debug|iPhoneSimulator.Deploy.0 = Debug|Any CPU
		{C2B19E9F-C30D-4C42-ADCA-4A7C6AB42B8E}.Release|Any CPU.ActiveCfg = Release|Any CPU
		{C2B19E9F-C30D-4C42-ADCA-4A7C6AB42B8E}.Release|Any CPU.Build.0 = Release|Any CPU
		{C2B19E9F-C30D-4C42-ADCA-4A7C6AB42B8E}.Release|Any CPU.Deploy.0 = Release|Any CPU
		{C2B19E9F-C30D-4C42-ADCA-4A7C6AB42B8E}.Release|iPhone.ActiveCfg = Release|Any CPU
		{C2B19E9F-C30D-4C42-ADCA-4A7C6AB42B8E}.Release|iPhone.Build.0 = Release|Any CPU
		{C2B19E9F-C30D-4C42-ADCA-4A7C6AB42B8E}.Release|iPhone.Deploy.0 = Release|Any CPU
		{C2B19E9F-C30D-4C42-ADCA-4A7C6AB42B8E}.Release|iPhoneSimulator.ActiveCfg = Release|Any CPU
		{C2B19E9F-C30D-4C42-ADCA-4A7C6AB42B8E}.Release|iPhoneSimulator.Build.0 = Release|Any CPU
		{C2B19E9F-C30D-4C42-ADCA-4A7C6AB42B8E}.Release|iPhoneSimulator.Deploy.0 = Release|Any CPU
		{4126D968-5A3C-49AD-9366-2F043C537F49}.Ad-Hoc|Any CPU.ActiveCfg = Ad-Hoc|iPhone
		{4126D968-5A3C-49AD-9366-2F043C537F49}.Ad-Hoc|Any CPU.Build.0 = Ad-Hoc|iPhone
		{4126D968-5A3C-49AD-9366-2F043C537F49}.Ad-Hoc|Any CPU.Deploy.0 = Ad-Hoc|iPhone
		{4126D968-5A3C-49AD-9366-2F043C537F49}.Ad-Hoc|iPhone.ActiveCfg = Ad-Hoc|iPhone
		{4126D968-5A3C-49AD-9366-2F043C537F49}.Ad-Hoc|iPhone.Build.0 = Ad-Hoc|iPhone
		{4126D968-5A3C-49AD-9366-2F043C537F49}.Ad-Hoc|iPhone.Deploy.0 = Ad-Hoc|iPhone
		{4126D968-5A3C-49AD-9366-2F043C537F49}.Ad-Hoc|iPhoneSimulator.ActiveCfg = Ad-Hoc|iPhoneSimulator
		{4126D968-5A3C-49AD-9366-2F043C537F49}.Ad-Hoc|iPhoneSimulator.Build.0 = Ad-Hoc|iPhoneSimulator
		{4126D968-5A3C-49AD-9366-2F043C537F49}.Ad-Hoc|iPhoneSimulator.Deploy.0 = Ad-Hoc|iPhoneSimulator
		{4126D968-5A3C-49AD-9366-2F043C537F49}.AppStore|Any CPU.ActiveCfg = AppStore|iPhone
		{4126D968-5A3C-49AD-9366-2F043C537F49}.AppStore|Any CPU.Build.0 = AppStore|iPhone
		{4126D968-5A3C-49AD-9366-2F043C537F49}.AppStore|Any CPU.Deploy.0 = AppStore|iPhone
		{4126D968-5A3C-49AD-9366-2F043C537F49}.AppStore|iPhone.ActiveCfg = AppStore|iPhone
		{4126D968-5A3C-49AD-9366-2F043C537F49}.AppStore|iPhone.Build.0 = AppStore|iPhone
		{4126D968-5A3C-49AD-9366-2F043C537F49}.AppStore|iPhone.Deploy.0 = AppStore|iPhone
		{4126D968-5A3C-49AD-9366-2F043C537F49}.AppStore|iPhoneSimulator.ActiveCfg = AppStore|iPhoneSimulator
		{4126D968-5A3C-49AD-9366-2F043C537F49}.AppStore|iPhoneSimulator.Build.0 = AppStore|iPhoneSimulator
		{4126D968-5A3C-49AD-9366-2F043C537F49}.AppStore|iPhoneSimulator.Deploy.0 = AppStore|iPhoneSimulator
		{4126D968-5A3C-49AD-9366-2F043C537F49}.Debug|Any CPU.ActiveCfg = Debug|iPhoneSimulator
		{4126D968-5A3C-49AD-9366-2F043C537F49}.Debug|Any CPU.Build.0 = Debug|iPhoneSimulator
		{4126D968-5A3C-49AD-9366-2F043C537F49}.Debug|Any CPU.Deploy.0 = Debug|iPhoneSimulator
		{4126D968-5A3C-49AD-9366-2F043C537F49}.Debug|iPhone.ActiveCfg = Debug|iPhone
		{4126D968-5A3C-49AD-9366-2F043C537F49}.Debug|iPhone.Build.0 = Debug|iPhone
		{4126D968-5A3C-49AD-9366-2F043C537F49}.Debug|iPhone.Deploy.0 = Debug|iPhone
		{4126D968-5A3C-49AD-9366-2F043C537F49}.Debug|iPhoneSimulator.ActiveCfg = Debug|iPhoneSimulator
		{4126D968-5A3C-49AD-9366-2F043C537F49}.Debug|iPhoneSimulator.Build.0 = Debug|iPhoneSimulator
		{4126D968-5A3C-49AD-9366-2F043C537F49}.Debug|iPhoneSimulator.Deploy.0 = Debug|iPhoneSimulator
		{4126D968-5A3C-49AD-9366-2F043C537F49}.Release|Any CPU.ActiveCfg = Release|iPhone
		{4126D968-5A3C-49AD-9366-2F043C537F49}.Release|Any CPU.Build.0 = Release|iPhone
		{4126D968-5A3C-49AD-9366-2F043C537F49}.Release|Any CPU.Deploy.0 = Release|iPhone
		{4126D968-5A3C-49AD-9366-2F043C537F49}.Release|iPhone.ActiveCfg = Release|iPhone
		{4126D968-5A3C-49AD-9366-2F043C537F49}.Release|iPhone.Build.0 = Release|iPhone
		{4126D968-5A3C-49AD-9366-2F043C537F49}.Release|iPhone.Deploy.0 = Release|iPhone
		{4126D968-5A3C-49AD-9366-2F043C537F49}.Release|iPhoneSimulator.ActiveCfg = Release|iPhoneSimulator
		{4126D968-5A3C-49AD-9366-2F043C537F49}.Release|iPhoneSimulator.Build.0 = Release|iPhoneSimulator
		{4126D968-5A3C-49AD-9366-2F043C537F49}.Release|iPhoneSimulator.Deploy.0 = Release|iPhoneSimulator
		{17955625-83B9-4C12-B457-B1FAE3BAD8F1}.Ad-Hoc|Any CPU.ActiveCfg = Debug|Any CPU
		{17955625-83B9-4C12-B457-B1FAE3BAD8F1}.Ad-Hoc|Any CPU.Build.0 = Debug|Any CPU
		{17955625-83B9-4C12-B457-B1FAE3BAD8F1}.Ad-Hoc|Any CPU.Deploy.0 = Debug|Any CPU
		{17955625-83B9-4C12-B457-B1FAE3BAD8F1}.Ad-Hoc|iPhone.ActiveCfg = Debug|Any CPU
		{17955625-83B9-4C12-B457-B1FAE3BAD8F1}.Ad-Hoc|iPhone.Build.0 = Debug|Any CPU
		{17955625-83B9-4C12-B457-B1FAE3BAD8F1}.Ad-Hoc|iPhone.Deploy.0 = Debug|Any CPU
		{17955625-83B9-4C12-B457-B1FAE3BAD8F1}.Ad-Hoc|iPhoneSimulator.ActiveCfg = Debug|Any CPU
		{17955625-83B9-4C12-B457-B1FAE3BAD8F1}.Ad-Hoc|iPhoneSimulator.Build.0 = Debug|Any CPU
		{17955625-83B9-4C12-B457-B1FAE3BAD8F1}.Ad-Hoc|iPhoneSimulator.Deploy.0 = Debug|Any CPU
		{17955625-83B9-4C12-B457-B1FAE3BAD8F1}.AppStore|Any CPU.ActiveCfg = Debug|Any CPU
		{17955625-83B9-4C12-B457-B1FAE3BAD8F1}.AppStore|Any CPU.Build.0 = Debug|Any CPU
		{17955625-83B9-4C12-B457-B1FAE3BAD8F1}.AppStore|Any CPU.Deploy.0 = Debug|Any CPU
		{17955625-83B9-4C12-B457-B1FAE3BAD8F1}.AppStore|iPhone.ActiveCfg = Debug|Any CPU
		{17955625-83B9-4C12-B457-B1FAE3BAD8F1}.AppStore|iPhone.Build.0 = Debug|Any CPU
		{17955625-83B9-4C12-B457-B1FAE3BAD8F1}.AppStore|iPhone.Deploy.0 = Debug|Any CPU
		{17955625-83B9-4C12-B457-B1FAE3BAD8F1}.AppStore|iPhoneSimulator.ActiveCfg = Debug|Any CPU
		{17955625-83B9-4C12-B457-B1FAE3BAD8F1}.AppStore|iPhoneSimulator.Build.0 = Debug|Any CPU
		{17955625-83B9-4C12-B457-B1FAE3BAD8F1}.AppStore|iPhoneSimulator.Deploy.0 = Debug|Any CPU
		{17955625-83B9-4C12-B457-B1FAE3BAD8F1}.Debug|Any CPU.ActiveCfg = Debug|Any CPU
		{17955625-83B9-4C12-B457-B1FAE3BAD8F1}.Debug|Any CPU.Build.0 = Debug|Any CPU
		{17955625-83B9-4C12-B457-B1FAE3BAD8F1}.Debug|Any CPU.Deploy.0 = Debug|Any CPU
		{17955625-83B9-4C12-B457-B1FAE3BAD8F1}.Debug|iPhone.ActiveCfg = Debug|Any CPU
		{17955625-83B9-4C12-B457-B1FAE3BAD8F1}.Debug|iPhone.Build.0 = Debug|Any CPU
		{17955625-83B9-4C12-B457-B1FAE3BAD8F1}.Debug|iPhone.Deploy.0 = Debug|Any CPU
		{17955625-83B9-4C12-B457-B1FAE3BAD8F1}.Debug|iPhoneSimulator.ActiveCfg = Debug|Any CPU
		{17955625-83B9-4C12-B457-B1FAE3BAD8F1}.Debug|iPhoneSimulator.Build.0 = Debug|Any CPU
		{17955625-83B9-4C12-B457-B1FAE3BAD8F1}.Debug|iPhoneSimulator.Deploy.0 = Debug|Any CPU
		{17955625-83B9-4C12-B457-B1FAE3BAD8F1}.Release|Any CPU.ActiveCfg = Release|Any CPU
		{17955625-83B9-4C12-B457-B1FAE3BAD8F1}.Release|Any CPU.Build.0 = Release|Any CPU
		{17955625-83B9-4C12-B457-B1FAE3BAD8F1}.Release|Any CPU.Deploy.0 = Release|Any CPU
		{17955625-83B9-4C12-B457-B1FAE3BAD8F1}.Release|iPhone.ActiveCfg = Release|Any CPU
		{17955625-83B9-4C12-B457-B1FAE3BAD8F1}.Release|iPhone.Build.0 = Release|Any CPU
		{17955625-83B9-4C12-B457-B1FAE3BAD8F1}.Release|iPhone.Deploy.0 = Release|Any CPU
		{17955625-83B9-4C12-B457-B1FAE3BAD8F1}.Release|iPhoneSimulator.ActiveCfg = Release|Any CPU
		{17955625-83B9-4C12-B457-B1FAE3BAD8F1}.Release|iPhoneSimulator.Build.0 = Release|Any CPU
		{17955625-83B9-4C12-B457-B1FAE3BAD8F1}.Release|iPhoneSimulator.Deploy.0 = Release|Any CPU
		{209FA716-A7AD-4095-BD70-C8710FC66FA7}.Ad-Hoc|Any CPU.ActiveCfg = Release|Any CPU
		{209FA716-A7AD-4095-BD70-C8710FC66FA7}.Ad-Hoc|Any CPU.Build.0 = Release|Any CPU
		{209FA716-A7AD-4095-BD70-C8710FC66FA7}.Ad-Hoc|iPhone.ActiveCfg = Release|Any CPU
		{209FA716-A7AD-4095-BD70-C8710FC66FA7}.Ad-Hoc|iPhone.Build.0 = Release|Any CPU
		{209FA716-A7AD-4095-BD70-C8710FC66FA7}.Ad-Hoc|iPhoneSimulator.ActiveCfg = Release|Any CPU
		{209FA716-A7AD-4095-BD70-C8710FC66FA7}.Ad-Hoc|iPhoneSimulator.Build.0 = Release|Any CPU
		{209FA716-A7AD-4095-BD70-C8710FC66FA7}.AppStore|Any CPU.ActiveCfg = Release|Any CPU
		{209FA716-A7AD-4095-BD70-C8710FC66FA7}.AppStore|Any CPU.Build.0 = Release|Any CPU
		{209FA716-A7AD-4095-BD70-C8710FC66FA7}.AppStore|iPhone.ActiveCfg = Release|Any CPU
		{209FA716-A7AD-4095-BD70-C8710FC66FA7}.AppStore|iPhone.Build.0 = Release|Any CPU
		{209FA716-A7AD-4095-BD70-C8710FC66FA7}.AppStore|iPhoneSimulator.ActiveCfg = Release|Any CPU
		{209FA716-A7AD-4095-BD70-C8710FC66FA7}.AppStore|iPhoneSimulator.Build.0 = Release|Any CPU
		{209FA716-A7AD-4095-BD70-C8710FC66FA7}.Debug|Any CPU.ActiveCfg = Debug|Any CPU
		{209FA716-A7AD-4095-BD70-C8710FC66FA7}.Debug|Any CPU.Build.0 = Debug|Any CPU
		{209FA716-A7AD-4095-BD70-C8710FC66FA7}.Debug|iPhone.ActiveCfg = Debug|Any CPU
		{209FA716-A7AD-4095-BD70-C8710FC66FA7}.Debug|iPhone.Build.0 = Debug|Any CPU
		{209FA716-A7AD-4095-BD70-C8710FC66FA7}.Debug|iPhoneSimulator.ActiveCfg = Debug|Any CPU
		{209FA716-A7AD-4095-BD70-C8710FC66FA7}.Debug|iPhoneSimulator.Build.0 = Debug|Any CPU
		{209FA716-A7AD-4095-BD70-C8710FC66FA7}.Release|Any CPU.ActiveCfg = Release|Any CPU
		{209FA716-A7AD-4095-BD70-C8710FC66FA7}.Release|Any CPU.Build.0 = Release|Any CPU
		{209FA716-A7AD-4095-BD70-C8710FC66FA7}.Release|iPhone.ActiveCfg = Release|Any CPU
		{209FA716-A7AD-4095-BD70-C8710FC66FA7}.Release|iPhone.Build.0 = Release|Any CPU
		{209FA716-A7AD-4095-BD70-C8710FC66FA7}.Release|iPhoneSimulator.ActiveCfg = Release|Any CPU
		{209FA716-A7AD-4095-BD70-C8710FC66FA7}.Release|iPhoneSimulator.Build.0 = Release|Any CPU
	EndGlobalSection
	GlobalSection(SolutionProperties) = preSolution
		HideSolutionNode = FALSE
	EndGlobalSection
	GlobalSection(ExtensibilityGlobals) = postSolution
		SolutionGuid = {126A4B64-14D0-4AE8-B68C-B1271D7F7889}
	EndGlobalSection
EndGlobal
